
Microsoft Visual Studio Solution File, Format Version 12.00
# Visual Studio Version 17
VisualStudioVersion = 17.7.34009.444
MinimumVisualStudioVersion = 10.0.40219.1
Project("{FAE04EC0-301F-11D3-BF4B-00C04F79EFBC}") = "Lab 11", "Lab 11.csproj", "{DAF02E52-39F9-4AED-AE03-8E2CB3B94FAB}"
EndProject
Global
	GlobalSection(SolutionConfigurationPlatforms) = preSolution
		Debug|Any CPU = Debug|Any CPU
		Release|Any CPU = Release|Any CPU
	EndGlobalSection
	GlobalSection(ProjectConfigurationPlatforms) = postSolution
		{DAF02E52-39F9-4AED-AE03-8E2CB3B94FAB}.Debug|Any CPU.ActiveCfg = Debug|Any CPU
		{DAF02E52-39F9-4AED-AE03-8E2CB3B94FAB}.Debug|Any CPU.Build.0 = Debug|Any CPU
		{DAF02E52-39F9-4AED-AE03-8E2CB3B94FAB}.Release|Any CPU.ActiveCfg = Release|Any CPU
		{DAF02E52-39F9-4AED-AE03-8E2CB3B94FAB}.Release|Any CPU.Build.0 = Release|Any CPU
	EndGlobalSection
	GlobalSection(SolutionProperties) = preSolution
		HideSolutionNode = FALSE
	EndGlobalSection
	GlobalSection(ExtensibilityGlobals) = postSolution
		SolutionGuid = {57022635-179A-4FDB-9290-4E93D7D396DD}
	EndGlobalSection
EndGlobal
