
Microsoft Visual Studio Solution File, Format Version 12.00
# Visual Studio Version 17
VisualStudioVersion = 17.7.34221.43
MinimumVisualStudioVersion = 10.0.40219.1
Project("{FAE04EC0-301F-11D3-BF4B-00C04F79EFBC}") = "FinalExam", "FinalExam.csproj", "{C5340EBE-2080-41C6-9F7B-1AA2FC7BA43D}"
EndProject
Global
	GlobalSection(SolutionConfigurationPlatforms) = preSolution
		Debug|Any CPU = Debug|Any CPU
		Release|Any CPU = Release|Any CPU
	EndGlobalSection
	GlobalSection(ProjectConfigurationPlatforms) = postSolution
		{C5340EBE-2080-41C6-9F7B-1AA2FC7BA43D}.Debug|Any CPU.ActiveCfg = Debug|Any CPU
		{C5340EBE-2080-41C6-9F7B-1AA2FC7BA43D}.Debug|Any CPU.Build.0 = Debug|Any CPU
		{C5340EBE-2080-41C6-9F7B-1AA2FC7BA43D}.Release|Any CPU.ActiveCfg = Release|Any CPU
		{C5340EBE-2080-41C6-9F7B-1AA2FC7BA43D}.Release|Any CPU.Build.0 = Release|Any CPU
	EndGlobalSection
	GlobalSection(SolutionProperties) = preSolution
		HideSolutionNode = FALSE
	EndGlobalSection
	GlobalSection(ExtensibilityGlobals) = postSolution
		SolutionGuid = {5461827C-897E-4905-9C9A-1560CD91E117}
	EndGlobalSection
EndGlobal
